{
  "nodes": {
    "nixpkgs": {
      "locked": {
        "lastModified": 1764667669,
        "narHash": "sha256-7WUCZfmqLAssbDqwg9cUDAXrSoXN79eEEq17qhTNM/Y=",
        "rev": "418468ac9527e799809c900eda37cbff999199b6",
        "revCount": 905402,
        "type": "tarball",
        "url": "https://api.flakehub.com/f/pinned/NixOS/nixpkgs/0.1.905402%2Brev-418468ac9527e799809c900eda37cbff999199b6/019ae5d7-2ce4-7dbb-90bd-21ec6e69adb4/source.tar.gz"
      },
      "original": {
        "type": "tarball",
        "url": "https://flakehub.com/f/NixOS/nixpkgs/0.1"
      }
    },
    "root": {
      "inputs": {
        "nixpkgs": "nixpkgs"
      }
    }
  },
  "root": "root",
  "version": 7
}
